
Microsoft Visual Studio Solution File, Format Version 12.00
# Visual Studio 15
VisualStudioVersion = 15.0.27428.2005
MinimumVisualStudioVersion = 10.0.40219.1
Project("{FAE04EC0-301F-11D3-BF4B-00C04F79EFBC}") = "JPB.DynamicInputBox", "JPB.DynamicInputBox\JPB.DynamicInputBox.csproj", "{7D032140-B57A-4EFE-B6FA-C83E01AECC93}"
EndProject
Project("{FAE04EC0-301F-11D3-BF4B-00C04F79EFBC}") = "JPB.ErrorValidation", "JPB.ErrorValidation\JPB.ErrorValidation.csproj", "{795AE2CF-4B7A-4C3B-8A29-618B727FB252}"
EndProject
Project("{FAE04EC0-301F-11D3-BF4B-00C04F79EFBC}") = "JPB.Extentions", "JPB.Extentions\JPB.Extentions.csproj", "{C1150265-60EB-4E75-B20B-61C9D8A88779}"
EndProject
Project("{FAE04EC0-301F-11D3-BF4B-00C04F79EFBC}") = "JPB.Tasking", "JPB.Tasking\JPB.Tasking.csproj", "{0F6C25A5-DAF2-4BCE-8C4D-F6D6542A172E}"
EndProject
Project("{FAE04EC0-301F-11D3-BF4B-00C04F79EFBC}") = "JPB.WPFBase", "JPB.WPFBase\JPB.WPFBase.csproj", "{5070CE1A-C5F1-4B6E-BDEA-C453224B8552}"
EndProject
Project("{FAE04EC0-301F-11D3-BF4B-00C04F79EFBC}") = "WpfApplication1", "WpfApplication1\WpfApplication1.csproj", "{94AC27EA-E502-4EB9-AA1B-F2B4D439B4C0}"
EndProject
Project("{FAE04EC0-301F-11D3-BF4B-00C04F79EFBC}") = "JPB.WPFNetworkIntigration", "JPB.WPFNetworkIntigration\JPB.WPFNetworkIntigration.csproj", "{C7FA6C12-319F-45B2-8428-02DBA2586569}"
EndProject
Project("{FAE04EC0-301F-11D3-BF4B-00C04F79EFBC}") = "JPB.WPFToolsAwesome", "JPB.WPFToolsAwsome\JPB.WPFToolsAwesome.csproj", "{75CDAED2-AFD5-45C1-9E44-C1719490A513}"
EndProject
Project("{FAE04EC0-301F-11D3-BF4B-00C04F79EFBC}") = "JPB.WpfBase.Tests", "JPB.WpfBase.Tests\JPB.WpfBase.Tests.csproj", "{80491FCE-3DFE-4509-83B9-86167E2250C2}"
EndProject
Global
	GlobalSection(SolutionConfigurationPlatforms) = preSolution
		Debug|Any CPU = Debug|Any CPU
		ExternalRelease|Any CPU = ExternalRelease|Any CPU
		Release|Any CPU = Release|Any CPU
		Server|Any CPU = Server|Any CPU
	EndGlobalSection
	GlobalSection(ProjectConfigurationPlatforms) = postSolution
		{7D032140-B57A-4EFE-B6FA-C83E01AECC93}.Debug|Any CPU.ActiveCfg = Debug|Any CPU
		{7D032140-B57A-4EFE-B6FA-C83E01AECC93}.Debug|Any CPU.Build.0 = Debug|Any CPU
		{7D032140-B57A-4EFE-B6FA-C83E01AECC93}.ExternalRelease|Any CPU.ActiveCfg = ExternalRelease|Any CPU
		{7D032140-B57A-4EFE-B6FA-C83E01AECC93}.ExternalRelease|Any CPU.Build.0 = ExternalRelease|Any CPU
		{7D032140-B57A-4EFE-B6FA-C83E01AECC93}.Release|Any CPU.ActiveCfg = Release|Any CPU
		{7D032140-B57A-4EFE-B6FA-C83E01AECC93}.Release|Any CPU.Build.0 = Release|Any CPU
		{7D032140-B57A-4EFE-B6FA-C83E01AECC93}.Server|Any CPU.ActiveCfg = Release|Any CPU
		{7D032140-B57A-4EFE-B6FA-C83E01AECC93}.Server|Any CPU.Build.0 = Release|Any CPU
		{795AE2CF-4B7A-4C3B-8A29-618B727FB252}.Debug|Any CPU.ActiveCfg = Debug|Any CPU
		{795AE2CF-4B7A-4C3B-8A29-618B727FB252}.Debug|Any CPU.Build.0 = Debug|Any CPU
		{795AE2CF-4B7A-4C3B-8A29-618B727FB252}.ExternalRelease|Any CPU.ActiveCfg = ExternalRelease|Any CPU
		{795AE2CF-4B7A-4C3B-8A29-618B727FB252}.ExternalRelease|Any CPU.Build.0 = ExternalRelease|Any CPU
		{795AE2CF-4B7A-4C3B-8A29-618B727FB252}.Release|Any CPU.ActiveCfg = Release|Any CPU
		{795AE2CF-4B7A-4C3B-8A29-618B727FB252}.Release|Any CPU.Build.0 = Release|Any CPU
		{795AE2CF-4B7A-4C3B-8A29-618B727FB252}.Server|Any CPU.ActiveCfg = Release|Any CPU
		{795AE2CF-4B7A-4C3B-8A29-618B727FB252}.Server|Any CPU.Build.0 = Release|Any CPU
		{C1150265-60EB-4E75-B20B-61C9D8A88779}.Debug|Any CPU.ActiveCfg = Debug|Any CPU
		{C1150265-60EB-4E75-B20B-61C9D8A88779}.Debug|Any CPU.Build.0 = Debug|Any CPU
		{C1150265-60EB-4E75-B20B-61C9D8A88779}.ExternalRelease|Any CPU.ActiveCfg = ExternalRelease|Any CPU
		{C1150265-60EB-4E75-B20B-61C9D8A88779}.ExternalRelease|Any CPU.Build.0 = ExternalRelease|Any CPU
		{C1150265-60EB-4E75-B20B-61C9D8A88779}.Release|Any CPU.ActiveCfg = Release|Any CPU
		{C1150265-60EB-4E75-B20B-61C9D8A88779}.Release|Any CPU.Build.0 = Release|Any CPU
		{C1150265-60EB-4E75-B20B-61C9D8A88779}.Server|Any CPU.ActiveCfg = Release|Any CPU
		{C1150265-60EB-4E75-B20B-61C9D8A88779}.Server|Any CPU.Build.0 = Release|Any CPU
		{0F6C25A5-DAF2-4BCE-8C4D-F6D6542A172E}.Debug|Any CPU.ActiveCfg = Debug|Any CPU
		{0F6C25A5-DAF2-4BCE-8C4D-F6D6542A172E}.Debug|Any CPU.Build.0 = Debug|Any CPU
		{0F6C25A5-DAF2-4BCE-8C4D-F6D6542A172E}.ExternalRelease|Any CPU.ActiveCfg = ExternalRelease|Any CPU
		{0F6C25A5-DAF2-4BCE-8C4D-F6D6542A172E}.ExternalRelease|Any CPU.Build.0 = ExternalRelease|Any CPU
		{0F6C25A5-DAF2-4BCE-8C4D-F6D6542A172E}.Release|Any CPU.ActiveCfg = Release|Any CPU
		{0F6C25A5-DAF2-4BCE-8C4D-F6D6542A172E}.Release|Any CPU.Build.0 = Release|Any CPU
		{0F6C25A5-DAF2-4BCE-8C4D-F6D6542A172E}.Server|Any CPU.ActiveCfg = Release|Any CPU
		{0F6C25A5-DAF2-4BCE-8C4D-F6D6542A172E}.Server|Any CPU.Build.0 = Release|Any CPU
		{5070CE1A-C5F1-4B6E-BDEA-C453224B8552}.Debug|Any CPU.ActiveCfg = Debug|Any CPU
		{5070CE1A-C5F1-4B6E-BDEA-C453224B8552}.Debug|Any CPU.Build.0 = Debug|Any CPU
		{5070CE1A-C5F1-4B6E-BDEA-C453224B8552}.ExternalRelease|Any CPU.ActiveCfg = ExternalRelease|Any CPU
		{5070CE1A-C5F1-4B6E-BDEA-C453224B8552}.ExternalRelease|Any CPU.Build.0 = ExternalRelease|Any CPU
		{5070CE1A-C5F1-4B6E-BDEA-C453224B8552}.Release|Any CPU.ActiveCfg = Release|Any CPU
		{5070CE1A-C5F1-4B6E-BDEA-C453224B8552}.Release|Any CPU.Build.0 = Release|Any CPU
		{5070CE1A-C5F1-4B6E-BDEA-C453224B8552}.Server|Any CPU.ActiveCfg = Release|Any CPU
		{5070CE1A-C5F1-4B6E-BDEA-C453224B8552}.Server|Any CPU.Build.0 = Release|Any CPU
		{94AC27EA-E502-4EB9-AA1B-F2B4D439B4C0}.Debug|Any CPU.ActiveCfg = Debug|Any CPU
		{94AC27EA-E502-4EB9-AA1B-F2B4D439B4C0}.Debug|Any CPU.Build.0 = Debug|Any CPU
		{94AC27EA-E502-4EB9-AA1B-F2B4D439B4C0}.ExternalRelease|Any CPU.ActiveCfg = Release|Any CPU
		{94AC27EA-E502-4EB9-AA1B-F2B4D439B4C0}.ExternalRelease|Any CPU.Build.0 = Release|Any CPU
		{94AC27EA-E502-4EB9-AA1B-F2B4D439B4C0}.Release|Any CPU.ActiveCfg = Release|Any CPU
		{94AC27EA-E502-4EB9-AA1B-F2B4D439B4C0}.Release|Any CPU.Build.0 = Release|Any CPU
		{94AC27EA-E502-4EB9-AA1B-F2B4D439B4C0}.Server|Any CPU.ActiveCfg = Release|Any CPU
		{94AC27EA-E502-4EB9-AA1B-F2B4D439B4C0}.Server|Any CPU.Build.0 = Release|Any CPU
		{C7FA6C12-319F-45B2-8428-02DBA2586569}.Debug|Any CPU.ActiveCfg = Debug|Any CPU
		{C7FA6C12-319F-45B2-8428-02DBA2586569}.Debug|Any CPU.Build.0 = Debug|Any CPU
		{C7FA6C12-319F-45B2-8428-02DBA2586569}.ExternalRelease|Any CPU.ActiveCfg = Release|Any CPU
		{C7FA6C12-319F-45B2-8428-02DBA2586569}.ExternalRelease|Any CPU.Build.0 = Release|Any CPU
		{C7FA6C12-319F-45B2-8428-02DBA2586569}.Release|Any CPU.ActiveCfg = Release|Any CPU
		{C7FA6C12-319F-45B2-8428-02DBA2586569}.Release|Any CPU.Build.0 = Release|Any CPU
		{C7FA6C12-319F-45B2-8428-02DBA2586569}.Server|Any CPU.ActiveCfg = Release|Any CPU
		{C7FA6C12-319F-45B2-8428-02DBA2586569}.Server|Any CPU.Build.0 = Release|Any CPU
		{75CDAED2-AFD5-45C1-9E44-C1719490A513}.Debug|Any CPU.ActiveCfg = Debug|Any CPU
		{75CDAED2-AFD5-45C1-9E44-C1719490A513}.Debug|Any CPU.Build.0 = Debug|Any CPU
		{75CDAED2-AFD5-45C1-9E44-C1719490A513}.ExternalRelease|Any CPU.ActiveCfg = Release|Any CPU
		{75CDAED2-AFD5-45C1-9E44-C1719490A513}.ExternalRelease|Any CPU.Build.0 = Release|Any CPU
		{75CDAED2-AFD5-45C1-9E44-C1719490A513}.Release|Any CPU.ActiveCfg = Release|Any CPU
		{75CDAED2-AFD5-45C1-9E44-C1719490A513}.Release|Any CPU.Build.0 = Release|Any CPU
		{75CDAED2-AFD5-45C1-9E44-C1719490A513}.Server|Any CPU.ActiveCfg = Release|Any CPU
		{75CDAED2-AFD5-45C1-9E44-C1719490A513}.Server|Any CPU.Build.0 = Release|Any CPU
		{80491FCE-3DFE-4509-83B9-86167E2250C2}.Debug|Any CPU.ActiveCfg = Debug|Any CPU
		{80491FCE-3DFE-4509-83B9-86167E2250C2}.Debug|Any CPU.Build.0 = Debug|Any CPU
		{80491FCE-3DFE-4509-83B9-86167E2250C2}.ExternalRelease|Any CPU.ActiveCfg = Release|Any CPU
		{80491FCE-3DFE-4509-83B9-86167E2250C2}.ExternalRelease|Any CPU.Build.0 = Release|Any CPU
		{80491FCE-3DFE-4509-83B9-86167E2250C2}.Release|Any CPU.ActiveCfg = Release|Any CPU
		{80491FCE-3DFE-4509-83B9-86167E2250C2}.Release|Any CPU.Build.0 = Release|Any CPU
		{80491FCE-3DFE-4509-83B9-86167E2250C2}.Server|Any CPU.ActiveCfg = Release|Any CPU
		{80491FCE-3DFE-4509-83B9-86167E2250C2}.Server|Any CPU.Build.0 = Release|Any CPU
	EndGlobalSection
	GlobalSection(SolutionProperties) = preSolution
		HideSolutionNode = FALSE
	EndGlobalSection
	GlobalSection(ExtensibilityGlobals) = postSolution
		SolutionGuid = {D54F6EDD-B9A2-4B9A-987E-7298343F4B08}
	EndGlobalSection
EndGlobal
